
Microsoft Visual Studio Solution File, Format Version 12.00
# Visual Studio 2015
Project("{FAE04EC0-301F-11D3-BF4B-00C04F79EFBC}") = "ld37_2", "ld37_2.csproj", "{15E40AF7-6240-C686-F4EE-797229FB1946}"
EndProject
Global
	GlobalSection(SolutionConfigurationPlatforms) = preSolution
		Debug|Any CPU = Debug|Any CPU
		Release|Any CPU = Release|Any CPU
	EndGlobalSection
	GlobalSection(ProjectConfigurationPlatforms) = postSolution
		{15E40AF7-6240-C686-F4EE-797229FB1946}.Debug|Any CPU.ActiveCfg = Debug|Any CPU
		{15E40AF7-6240-C686-F4EE-797229FB1946}.Debug|Any CPU.Build.0 = Debug|Any CPU
		{15E40AF7-6240-C686-F4EE-797229FB1946}.Release|Any CPU.ActiveCfg = Release|Any CPU
		{15E40AF7-6240-C686-F4EE-797229FB1946}.Release|Any CPU.Build.0 = Release|Any CPU
	EndGlobalSection
	GlobalSection(SolutionProperties) = preSolution
		HideSolutionNode = FALSE
	EndGlobalSection
EndGlobal
